<?xml version="1.0" encoding="utf-8"?>
<Project ToolsVersion="16.0" xmlns="http://schemas.microsoft.com/developer/msbuild/2003">
  <ItemGroup>
    <ClCompile Include="D:\17-C++\ImageProcessingProject\ImageProcessing_autogen\mocs_compilation_Debug.cpp">
      <Filter>Source Files</Filter>
    </ClCompile>
    <ClCompile Include="D:\17-C++\ImageProcessingProject\ImageProcessing\src\imaging.cpp">
      <Filter>Source Files</Filter>
    </ClCompile>
    <ClCompile Include="D:\17-C++\ImageProcessingProject\ImageProcessing\src\main.cpp">
      <Filter>Source Files</Filter>
    </ClCompile>
    <ClCompile Include="D:\17-C++\ImageProcessingProject\ImageProcessing\src\gui\window.cpp">
      <Filter>Source Files</Filter>
    </ClCompile>
    <ClCompile Include="D:\17-C++\ImageProcessingProject\ImageProcessing_autogen\mocs_compilation_Release.cpp">
      <Filter>Source Files</Filter>
    </ClCompile>
    <ClCompile Include="D:\17-C++\ImageProcessingProject\ImageProcessing_autogen\mocs_compilation_MinSizeRel.cpp">
      <Filter>Source Files</Filter>
    </ClCompile>
    <ClCompile Include="D:\17-C++\ImageProcessingProject\ImageProcessing_autogen\mocs_compilation_RelWithDebInfo.cpp">
      <Filter>Source Files</Filter>
    </ClCompile>
  </ItemGroup>
  <ItemGroup>
    <ClInclude Include="D:\17-C++\ImageProcessingProject\ImageProcessing\src\include\imaging.h">
      <Filter>Header Files</Filter>
    </ClInclude>
    <ClInclude Include="D:\17-C++\ImageProcessingProject\ImageProcessing\src\include\window.h">
      <Filter>Header Files</Filter>
    </ClInclude>
  </ItemGroup>
  <ItemGroup>
    <CustomBuild Include="D:\17-C++\ImageProcessingProject\CMakeLists.txt" />
  </ItemGroup>
  <ItemGroup>
    <Filter Include="Header Files">
      <UniqueIdentifier>{90CA75AD-4742-3685-8A00-4DF4B71AB6D4}</UniqueIdentifier>
    </Filter>
    <Filter Include="Source Files">
      <UniqueIdentifier>{F621C184-8D67-3459-8D8E-DFB4D4F7E31D}</UniqueIdentifier>
    </Filter>
  </ItemGroup>
</Project>
